
Microsoft Visual Studio Solution File, Format Version 12.00
# Visual Studio Version 16
VisualStudioVersion = 16.0.31019.35
MinimumVisualStudioVersion = 10.0.40219.1
Project("{9A19103F-16F7-4668-BE54-9A1E7A4F7556}") = "BlazorServerWebRTCEcho", "BlazorServerWebRTCEcho.csproj", "{D8A4CE73-B202-4B60-AA77-6BF5695B87F9}"
EndProject
Global
	GlobalSection(SolutionConfigurationPlatforms) = preSolution
		Debug|Any CPU = Debug|Any CPU
		Release|Any CPU = Release|Any CPU
	EndGlobalSection
	GlobalSection(ProjectConfigurationPlatforms) = postSolution
		{D8A4CE73-B202-4B60-AA77-6BF5695B87F9}.Debug|Any CPU.ActiveCfg = Debug|Any CPU
		{D8A4CE73-B202-4B60-AA77-6BF5695B87F9}.Debug|Any CPU.Build.0 = Debug|Any CPU
		{D8A4CE73-B202-4B60-AA77-6BF5695B87F9}.Release|Any CPU.ActiveCfg = Release|Any CPU
		{D8A4CE73-B202-4B60-AA77-6BF5695B87F9}.Release|Any CPU.Build.0 = Release|Any CPU
	EndGlobalSection
	GlobalSection(SolutionProperties) = preSolution
		HideSolutionNode = FALSE
	EndGlobalSection
	GlobalSection(ExtensibilityGlobals) = postSolution
		SolutionGuid = {B95CEDDD-5ACF-427B-8B75-26ECED12BBBB}
	EndGlobalSection
EndGlobal
