
Microsoft Visual Studio Solution File, Format Version 12.00
# Visual Studio Version 16
VisualStudioVersion = 16.0.31019.35
MinimumVisualStudioVersion = 10.0.40219.1
Project("{FAE04EC0-301F-11D3-BF4B-00C04F79EFBC}") = "KurentoEchoClient", "KurentoEchoClient.csproj", "{4FDD64D9-444D-4A63-AF75-8F59D2DE3F55}"
EndProject
Project("{9A19103F-16F7-4668-BE54-9A1E7A4F7556}") = "SIPSorcery", "..\..\sipsorcery-core\src\SIPSorcery.csproj", "{3DAC7DC1-BBF9-462C-B626-FF6A382434C3}"
EndProject
Project("{FAE04EC0-301F-11D3-BF4B-00C04F79EFBC}") = "BouncyCastle", "..\..\..\github\bc-csharp\crypto\BouncyCastle.csproj", "{4C235092-820C-4DEB-9074-D356FB797D8B}"
EndProject
Global
	GlobalSection(SolutionConfigurationPlatforms) = preSolution
		Debug|Any CPU = Debug|Any CPU
		Release|Any CPU = Release|Any CPU
	EndGlobalSection
	GlobalSection(ProjectConfigurationPlatforms) = postSolution
		{4FDD64D9-444D-4A63-AF75-8F59D2DE3F55}.Debug|Any CPU.ActiveCfg = Debug|Any CPU
		{4FDD64D9-444D-4A63-AF75-8F59D2DE3F55}.Debug|Any CPU.Build.0 = Debug|Any CPU
		{4FDD64D9-444D-4A63-AF75-8F59D2DE3F55}.Release|Any CPU.ActiveCfg = Release|Any CPU
		{4FDD64D9-444D-4A63-AF75-8F59D2DE3F55}.Release|Any CPU.Build.0 = Release|Any CPU
		{3DAC7DC1-BBF9-462C-B626-FF6A382434C3}.Debug|Any CPU.ActiveCfg = Debug|Any CPU
		{3DAC7DC1-BBF9-462C-B626-FF6A382434C3}.Debug|Any CPU.Build.0 = Debug|Any CPU
		{3DAC7DC1-BBF9-462C-B626-FF6A382434C3}.Release|Any CPU.ActiveCfg = Release|Any CPU
		{3DAC7DC1-BBF9-462C-B626-FF6A382434C3}.Release|Any CPU.Build.0 = Release|Any CPU
		{4C235092-820C-4DEB-9074-D356FB797D8B}.Debug|Any CPU.ActiveCfg = Debug|Any CPU
		{4C235092-820C-4DEB-9074-D356FB797D8B}.Debug|Any CPU.Build.0 = Debug|Any CPU
		{4C235092-820C-4DEB-9074-D356FB797D8B}.Release|Any CPU.ActiveCfg = Release|Any CPU
		{4C235092-820C-4DEB-9074-D356FB797D8B}.Release|Any CPU.Build.0 = Release|Any CPU
	EndGlobalSection
	GlobalSection(SolutionProperties) = preSolution
		HideSolutionNode = FALSE
	EndGlobalSection
	GlobalSection(ExtensibilityGlobals) = postSolution
		SolutionGuid = {91BD28B3-DD3D-4655-B004-2138FA9DAC01}
	EndGlobalSection
EndGlobal
