
Microsoft Visual Studio Solution File, Format Version 12.00
# Visual Studio Version 16
VisualStudioVersion = 16.0.29521.150
MinimumVisualStudioVersion = 10.0.40219.1
Project("{9A19103F-16F7-4668-BE54-9A1E7A4F7556}") = "MixedRealityWebRTCTest", "MixedRealityWebRTCTest.csproj", "{4626D608-7922-435A-B8EF-612D13E5B8FE}"
EndProject
Global
	GlobalSection(SolutionConfigurationPlatforms) = preSolution
		Debug|Any CPU = Debug|Any CPU
		Release|Any CPU = Release|Any CPU
	EndGlobalSection
	GlobalSection(ProjectConfigurationPlatforms) = postSolution
		{4626D608-7922-435A-B8EF-612D13E5B8FE}.Debug|Any CPU.ActiveCfg = Debug|Any CPU
		{4626D608-7922-435A-B8EF-612D13E5B8FE}.Debug|Any CPU.Build.0 = Debug|Any CPU
		{4626D608-7922-435A-B8EF-612D13E5B8FE}.Release|Any CPU.ActiveCfg = Release|Any CPU
		{4626D608-7922-435A-B8EF-612D13E5B8FE}.Release|Any CPU.Build.0 = Release|Any CPU
	EndGlobalSection
	GlobalSection(SolutionProperties) = preSolution
		HideSolutionNode = FALSE
	EndGlobalSection
	GlobalSection(ExtensibilityGlobals) = postSolution
		SolutionGuid = {C60648CF-A786-426C-8C19-BD3B80DF8584}
	EndGlobalSection
EndGlobal
