
Microsoft Visual Studio Solution File, Format Version 12.00
# Visual Studio Version 16
VisualStudioVersion = 16.0.30320.27
MinimumVisualStudioVersion = 10.0.40219.1
Project("{FAE04EC0-301F-11D3-BF4B-00C04F79EFBC}") = "FfmpegInterop", "FfmpegInterop.csproj", "{5A3BF15E-4ACA-41CD-B4C4-F43AD50E1CBE}"
EndProject
Project("{FAE04EC0-301F-11D3-BF4B-00C04F79EFBC}") = "FfmpegInteropTestConsole", "..\FfmpegInteropTestConsole\FfmpegInteropTestConsole.csproj", "{C7A16580-650E-4965-B2D2-397B3E5F895F}"
EndProject
Global
	GlobalSection(SolutionConfigurationPlatforms) = preSolution
		Debug|Any CPU = Debug|Any CPU
		Release|Any CPU = Release|Any CPU
	EndGlobalSection
	GlobalSection(ProjectConfigurationPlatforms) = postSolution
		{5A3BF15E-4ACA-41CD-B4C4-F43AD50E1CBE}.Debug|Any CPU.ActiveCfg = Debug|Any CPU
		{5A3BF15E-4ACA-41CD-B4C4-F43AD50E1CBE}.Debug|Any CPU.Build.0 = Debug|Any CPU
		{5A3BF15E-4ACA-41CD-B4C4-F43AD50E1CBE}.Release|Any CPU.ActiveCfg = Release|Any CPU
		{5A3BF15E-4ACA-41CD-B4C4-F43AD50E1CBE}.Release|Any CPU.Build.0 = Release|Any CPU
		{C7A16580-650E-4965-B2D2-397B3E5F895F}.Debug|Any CPU.ActiveCfg = Debug|Any CPU
		{C7A16580-650E-4965-B2D2-397B3E5F895F}.Debug|Any CPU.Build.0 = Debug|Any CPU
		{C7A16580-650E-4965-B2D2-397B3E5F895F}.Release|Any CPU.ActiveCfg = Release|Any CPU
		{C7A16580-650E-4965-B2D2-397B3E5F895F}.Release|Any CPU.Build.0 = Release|Any CPU
	EndGlobalSection
	GlobalSection(SolutionProperties) = preSolution
		HideSolutionNode = FALSE
	EndGlobalSection
	GlobalSection(ExtensibilityGlobals) = postSolution
		SolutionGuid = {C4AE830E-707A-4331-A4F4-5E0719159455}
	EndGlobalSection
EndGlobal
